// !$*UTF8*$!
{
	archiveVersion = 1;
	classes = {
	};
	objectVersion = 50;
	objects = {

/* Begin PBXBuildFile section */
		0F2DBBC8243CEFA00017A37C /* LICENSE.txt in Resources */ = {isa = PBXBuildFile; fileRef = 0F2DBBC5243CEFA00017A37C /* LICENSE.txt */; };
		0F848D9A23FC6A7E00FEC38C /* kern_sep.cpp in Sources */ = {isa = PBXBuildFile; fileRef = 0F848D9823FC6A7E00FEC38C /* kern_sep.cpp */; };
		AC0E9204296466A900E18976 /* libkmod.a in Frameworks */ = {isa = PBXBuildFile; fileRef = AC0E9203296466A900E18976 /* libkmod.a */; };
		ACACC06A29646D42009AF8C7 /* kern_config.hpp in Headers */ = {isa = PBXBuildFile; fileRef = ACACC04129646D42009AF8C7 /* kern_config.hpp */; };
		ACACC06B29646D42009AF8C7 /* hde64.h in Headers */ = {isa = PBXBuildFile; fileRef = ACACC04229646D42009AF8C7 /* hde64.h */; };
		ACACC06C29646D42009AF8C7 /* kern_time.hpp in Headers */ = {isa = PBXBuildFile; fileRef = ACACC04329646D42009AF8C7 /* kern_time.hpp */; };
		ACACC06D29646D42009AF8C7 /* kern_nvram.hpp in Headers */ = {isa = PBXBuildFile; fileRef = ACACC04429646D42009AF8C7 /* kern_nvram.hpp */; };
		ACACC06E29646D42009AF8C7 /* kern_cpu.hpp in Headers */ = {isa = PBXBuildFile; fileRef = ACACC04529646D42009AF8C7 /* kern_cpu.hpp */; };
		ACACC06F29646D42009AF8C7 /* kern_devinfo.hpp in Headers */ = {isa = PBXBuildFile; fileRef = ACACC04629646D42009AF8C7 /* kern_devinfo.hpp */; };
		ACACC07029646D42009AF8C7 /* kern_efi.hpp in Headers */ = {isa = PBXBuildFile; fileRef = ACACC04729646D42009AF8C7 /* kern_efi.hpp */; };
		ACACC07129646D42009AF8C7 /* kern_policy.hpp in Headers */ = {isa = PBXBuildFile; fileRef = ACACC04829646D42009AF8C7 /* kern_policy.hpp */; };
		ACACC07229646D42009AF8C7 /* kern_user.hpp in Headers */ = {isa = PBXBuildFile; fileRef = ACACC04929646D42009AF8C7 /* kern_user.hpp */; };
		ACACC07329646D42009AF8C7 /* plugin_start.hpp in Headers */ = {isa = PBXBuildFile; fileRef = ACACC04A29646D42009AF8C7 /* plugin_start.hpp */; };
		ACACC07429646D42009AF8C7 /* kern_iokit.hpp in Headers */ = {isa = PBXBuildFile; fileRef = ACACC04B29646D42009AF8C7 /* kern_iokit.hpp */; };
		ACACC07529646D42009AF8C7 /* kern_crypto.hpp in Headers */ = {isa = PBXBuildFile; fileRef = ACACC04C29646D42009AF8C7 /* kern_crypto.hpp */; };
		ACACC07629646D42009AF8C7 /* kern_mach.hpp in Headers */ = {isa = PBXBuildFile; fileRef = ACACC04D29646D42009AF8C7 /* kern_mach.hpp */; };
		ACACC07729646D42009AF8C7 /* kern_version.hpp in Headers */ = {isa = PBXBuildFile; fileRef = ACACC04E29646D42009AF8C7 /* kern_version.hpp */; };
		ACACC07829646D42009AF8C7 /* kern_compression.hpp in Headers */ = {isa = PBXBuildFile; fileRef = ACACC04F29646D42009AF8C7 /* kern_compression.hpp */; };
		ACACC07929646D42009AF8C7 /* kern_file.hpp in Headers */ = {isa = PBXBuildFile; fileRef = ACACC05029646D42009AF8C7 /* kern_file.hpp */; };
		ACACC07A29646D42009AF8C7 /* kern_rtc.hpp in Headers */ = {isa = PBXBuildFile; fileRef = ACACC05129646D42009AF8C7 /* kern_rtc.hpp */; };
		ACACC07B29646D42009AF8C7 /* kern_disasm.hpp in Headers */ = {isa = PBXBuildFile; fileRef = ACACC05229646D42009AF8C7 /* kern_disasm.hpp */; };
		ACACC07C29646D42009AF8C7 /* capstone.h in Headers */ = {isa = PBXBuildFile; fileRef = ACACC05429646D42009AF8C7 /* capstone.h */; };
		ACACC07D29646D42009AF8C7 /* mips.h in Headers */ = {isa = PBXBuildFile; fileRef = ACACC05529646D42009AF8C7 /* mips.h */; };
		ACACC07E29646D42009AF8C7 /* sparc.h in Headers */ = {isa = PBXBuildFile; fileRef = ACACC05629646D42009AF8C7 /* sparc.h */; };
		ACACC07F29646D42009AF8C7 /* systemz.h in Headers */ = {isa = PBXBuildFile; fileRef = ACACC05729646D42009AF8C7 /* systemz.h */; };
		ACACC08029646D42009AF8C7 /* arm.h in Headers */ = {isa = PBXBuildFile; fileRef = ACACC05829646D42009AF8C7 /* arm.h */; };
		ACACC08129646D42009AF8C7 /* x86.h in Headers */ = {isa = PBXBuildFile; fileRef = ACACC05929646D42009AF8C7 /* x86.h */; };
		ACACC08229646D42009AF8C7 /* ppc.h in Headers */ = {isa = PBXBuildFile; fileRef = ACACC05A29646D42009AF8C7 /* ppc.h */; };
		ACACC08329646D42009AF8C7 /* arm64.h in Headers */ = {isa = PBXBuildFile; fileRef = ACACC05B29646D42009AF8C7 /* arm64.h */; };
		ACACC08429646D42009AF8C7 /* xcore.h in Headers */ = {isa = PBXBuildFile; fileRef = ACACC05C29646D42009AF8C7 /* xcore.h */; };
		ACACC08529646D42009AF8C7 /* platform.h in Headers */ = {isa = PBXBuildFile; fileRef = ACACC05D29646D42009AF8C7 /* platform.h */; };
		ACACC08629646D42009AF8C7 /* kern_patcher.hpp in Headers */ = {isa = PBXBuildFile; fileRef = ACACC05E29646D42009AF8C7 /* kern_patcher.hpp */; };
		ACACC08729646D42009AF8C7 /* hde32.h in Headers */ = {isa = PBXBuildFile; fileRef = ACACC05F29646D42009AF8C7 /* hde32.h */; };
		ACACC08829646D42009AF8C7 /* kern_compat.hpp in Headers */ = {isa = PBXBuildFile; fileRef = ACACC06029646D42009AF8C7 /* kern_compat.hpp */; };
		ACACC08929646D42009AF8C7 /* kern_api.hpp in Headers */ = {isa = PBXBuildFile; fileRef = ACACC06129646D42009AF8C7 /* kern_api.hpp */; };
		ACACC08A29646D42009AF8C7 /* kern_util.hpp in Headers */ = {isa = PBXBuildFile; fileRef = ACACC06229646D42009AF8C7 /* kern_util.hpp */; };
		ACACC08F29646D42009AF8C7 /* plugin_start.cpp in Sources */ = {isa = PBXBuildFile; fileRef = ACACC06929646D42009AF8C7 /* plugin_start.cpp */; };
/* End PBXBuildFile section */

/* Begin PBXCopyFilesBuildPhase section */
		1C642F521C8F157A006B4C51 /* CopyFiles */ = {
			isa = PBXCopyFilesBuildPhase;
			buildActionMask = 2147483647;
			dstPath = "";
			dstSubfolderSpec = 13;
			files = (
			);
			runOnlyForDeploymentPostprocessing = 0;
		};
/* End PBXCopyFilesBuildPhase section */

/* Begin PBXFileReference section */
		0F2DBBC4243CEFA00017A37C /* README.md */ = {isa = PBXFileReference; fileEncoding = 4; lastKnownFileType = net.daringfireball.markdown; path = README.md; sourceTree = SOURCE_ROOT; };
		0F2DBBC5243CEFA00017A37C /* LICENSE.txt */ = {isa = PBXFileReference; fileEncoding = 4; lastKnownFileType = text; path = LICENSE.txt; sourceTree = SOURCE_ROOT; };
		0F848D9823FC6A7E00FEC38C /* kern_sep.cpp */ = {isa = PBXFileReference; lastKnownFileType = sourcecode.cpp.cpp; path = kern_sep.cpp; sourceTree = "<group>"; };
		0FB70CFB2145D1E8005BD386 /* Info.plist */ = {isa = PBXFileReference; fileEncoding = 4; lastKnownFileType = text.plist.xml; path = Info.plist; sourceTree = "<group>"; };
		1C748C271C21952C0024EED2 /* SidecarEnablerPro.kext */ = {isa = PBXFileReference; explicitFileType = wrapper.cfbundle; includeInIndex = 0; path = SidecarEnablerPro.kext; sourceTree = BUILT_PRODUCTS_DIR; };
		AC0E9203296466A900E18976 /* libkmod.a */ = {isa = PBXFileReference; lastKnownFileType = archive.ar; name = libkmod.a; path = MacKernelSDK/Library/x86_64/libkmod.a; sourceTree = "<group>"; };
		ACACC04129646D42009AF8C7 /* kern_config.hpp */ = {isa = PBXFileReference; fileEncoding = 4; lastKnownFileType = sourcecode.cpp.h; path = kern_config.hpp; sourceTree = "<group>"; };
		ACACC04229646D42009AF8C7 /* hde64.h */ = {isa = PBXFileReference; fileEncoding = 4; lastKnownFileType = sourcecode.c.h; path = hde64.h; sourceTree = "<group>"; };
		ACACC04329646D42009AF8C7 /* kern_time.hpp */ = {isa = PBXFileReference; fileEncoding = 4; lastKnownFileType = sourcecode.cpp.h; path = kern_time.hpp; sourceTree = "<group>"; };
		ACACC04429646D42009AF8C7 /* kern_nvram.hpp */ = {isa = PBXFileReference; fileEncoding = 4; lastKnownFileType = sourcecode.cpp.h; path = kern_nvram.hpp; sourceTree = "<group>"; };
		ACACC04529646D42009AF8C7 /* kern_cpu.hpp */ = {isa = PBXFileReference; fileEncoding = 4; lastKnownFileType = sourcecode.cpp.h; path = kern_cpu.hpp; sourceTree = "<group>"; };
		ACACC04629646D42009AF8C7 /* kern_devinfo.hpp */ = {isa = PBXFileReference; fileEncoding = 4; lastKnownFileType = sourcecode.cpp.h; path = kern_devinfo.hpp; sourceTree = "<group>"; };
		ACACC04729646D42009AF8C7 /* kern_efi.hpp */ = {isa = PBXFileReference; fileEncoding = 4; lastKnownFileType = sourcecode.cpp.h; path = kern_efi.hpp; sourceTree = "<group>"; };
		ACACC04829646D42009AF8C7 /* kern_policy.hpp */ = {isa = PBXFileReference; fileEncoding = 4; lastKnownFileType = sourcecode.cpp.h; path = kern_policy.hpp; sourceTree = "<group>"; };
		ACACC04929646D42009AF8C7 /* kern_user.hpp */ = {isa = PBXFileReference; fileEncoding = 4; lastKnownFileType = sourcecode.cpp.h; path = kern_user.hpp; sourceTree = "<group>"; };
		ACACC04A29646D42009AF8C7 /* plugin_start.hpp */ = {isa = PBXFileReference; fileEncoding = 4; lastKnownFileType = sourcecode.cpp.h; path = plugin_start.hpp; sourceTree = "<group>"; };
		ACACC04B29646D42009AF8C7 /* kern_iokit.hpp */ = {isa = PBXFileReference; fileEncoding = 4; lastKnownFileType = sourcecode.cpp.h; path = kern_iokit.hpp; sourceTree = "<group>"; };
		ACACC04C29646D42009AF8C7 /* kern_crypto.hpp */ = {isa = PBXFileReference; fileEncoding = 4; lastKnownFileType = sourcecode.cpp.h; path = kern_crypto.hpp; sourceTree = "<group>"; };
		ACACC04D29646D42009AF8C7 /* kern_mach.hpp */ = {isa = PBXFileReference; fileEncoding = 4; lastKnownFileType = sourcecode.cpp.h; path = kern_mach.hpp; sourceTree = "<group>"; };
		ACACC04E29646D42009AF8C7 /* kern_version.hpp */ = {isa = PBXFileReference; fileEncoding = 4; lastKnownFileType = sourcecode.cpp.h; path = kern_version.hpp; sourceTree = "<group>"; };
		ACACC04F29646D42009AF8C7 /* kern_compression.hpp */ = {isa = PBXFileReference; fileEncoding = 4; lastKnownFileType = sourcecode.cpp.h; path = kern_compression.hpp; sourceTree = "<group>"; };
		ACACC05029646D42009AF8C7 /* kern_file.hpp */ = {isa = PBXFileReference; fileEncoding = 4; lastKnownFileType = sourcecode.cpp.h; path = kern_file.hpp; sourceTree = "<group>"; };
		ACACC05129646D42009AF8C7 /* kern_rtc.hpp */ = {isa = PBXFileReference; fileEncoding = 4; lastKnownFileType = sourcecode.cpp.h; path = kern_rtc.hpp; sourceTree = "<group>"; };
		ACACC05229646D42009AF8C7 /* kern_disasm.hpp */ = {isa = PBXFileReference; fileEncoding = 4; lastKnownFileType = sourcecode.cpp.h; path = kern_disasm.hpp; sourceTree = "<group>"; };
		ACACC05429646D42009AF8C7 /* capstone.h */ = {isa = PBXFileReference; fileEncoding = 4; lastKnownFileType = sourcecode.c.h; path = capstone.h; sourceTree = "<group>"; };
		ACACC05529646D42009AF8C7 /* mips.h */ = {isa = PBXFileReference; fileEncoding = 4; lastKnownFileType = sourcecode.c.h; path = mips.h; sourceTree = "<group>"; };
		ACACC05629646D42009AF8C7 /* sparc.h */ = {isa = PBXFileReference; fileEncoding = 4; lastKnownFileType = sourcecode.c.h; path = sparc.h; sourceTree = "<group>"; };
		ACACC05729646D42009AF8C7 /* systemz.h */ = {isa = PBXFileReference; fileEncoding = 4; lastKnownFileType = sourcecode.c.h; path = systemz.h; sourceTree = "<group>"; };
		ACACC05829646D42009AF8C7 /* arm.h */ = {isa = PBXFileReference; fileEncoding = 4; lastKnownFileType = sourcecode.c.h; path = arm.h; sourceTree = "<group>"; };
		ACACC05929646D42009AF8C7 /* x86.h */ = {isa = PBXFileReference; fileEncoding = 4; lastKnownFileType = sourcecode.c.h; path = x86.h; sourceTree = "<group>"; };
		ACACC05A29646D42009AF8C7 /* ppc.h */ = {isa = PBXFileReference; fileEncoding = 4; lastKnownFileType = sourcecode.c.h; path = ppc.h; sourceTree = "<group>"; };
		ACACC05B29646D42009AF8C7 /* arm64.h */ = {isa = PBXFileReference; fileEncoding = 4; lastKnownFileType = sourcecode.c.h; path = arm64.h; sourceTree = "<group>"; };
		ACACC05C29646D42009AF8C7 /* xcore.h */ = {isa = PBXFileReference; fileEncoding = 4; lastKnownFileType = sourcecode.c.h; path = xcore.h; sourceTree = "<group>"; };
		ACACC05D29646D42009AF8C7 /* platform.h */ = {isa = PBXFileReference; fileEncoding = 4; lastKnownFileType = sourcecode.c.h; path = platform.h; sourceTree = "<group>"; };
		ACACC05E29646D42009AF8C7 /* kern_patcher.hpp */ = {isa = PBXFileReference; fileEncoding = 4; lastKnownFileType = sourcecode.cpp.h; path = kern_patcher.hpp; sourceTree = "<group>"; };
		ACACC05F29646D42009AF8C7 /* hde32.h */ = {isa = PBXFileReference; fileEncoding = 4; lastKnownFileType = sourcecode.c.h; path = hde32.h; sourceTree = "<group>"; };
		ACACC06029646D42009AF8C7 /* kern_compat.hpp */ = {isa = PBXFileReference; fileEncoding = 4; lastKnownFileType = sourcecode.cpp.h; path = kern_compat.hpp; sourceTree = "<group>"; };
		ACACC06129646D42009AF8C7 /* kern_api.hpp */ = {isa = PBXFileReference; fileEncoding = 4; lastKnownFileType = sourcecode.cpp.h; path = kern_api.hpp; sourceTree = "<group>"; };
		ACACC06229646D42009AF8C7 /* kern_util.hpp */ = {isa = PBXFileReference; fileEncoding = 4; lastKnownFileType = sourcecode.cpp.h; path = kern_util.hpp; sourceTree = "<group>"; };
		ACACC06529646D42009AF8C7 /* entry64.S */ = {isa = PBXFileReference; fileEncoding = 4; lastKnownFileType = sourcecode.asm; path = entry64.S; sourceTree = "<group>"; };
		ACACC06629646D42009AF8C7 /* build.tool */ = {isa = PBXFileReference; fileEncoding = 4; lastKnownFileType = text.script.sh; path = build.tool; sourceTree = "<group>"; };
		ACACC06729646D42009AF8C7 /* entry32.S */ = {isa = PBXFileReference; fileEncoding = 4; lastKnownFileType = sourcecode.asm; path = entry32.S; sourceTree = "<group>"; };
		ACACC06829646D42009AF8C7 /* wrappers.inc */ = {isa = PBXFileReference; fileEncoding = 4; lastKnownFileType = sourcecode.pascal; path = wrappers.inc; sourceTree = "<group>"; };
		ACACC06929646D42009AF8C7 /* plugin_start.cpp */ = {isa = PBXFileReference; fileEncoding = 4; lastKnownFileType = sourcecode.cpp.cpp; path = plugin_start.cpp; sourceTree = "<group>"; };
/* End PBXFileReference section */

/* Begin PBXFrameworksBuildPhase section */
		1C748C231C21952C0024EED2 /* Frameworks */ = {
			isa = PBXFrameworksBuildPhase;
			buildActionMask = 2147483647;
			files = (
				AC0E9204296466A900E18976 /* libkmod.a in Frameworks */,
			);
			runOnlyForDeploymentPostprocessing = 0;
		};
/* End PBXFrameworksBuildPhase section */

/* Begin PBXGroup section */
		0F2DBBCA243CF1DE0017A37C /* Docs */ = {
			isa = PBXGroup;
			children = (
				0F2DBBC5243CEFA00017A37C /* LICENSE.txt */,
				0F2DBBC4243CEFA00017A37C /* README.md */,
			);
			name = Docs;
			sourceTree = "<group>";
		};
		1C748C1D1C21952C0024EED2 = {
			isa = PBXGroup;
			children = (
				ACACC03F29646D38009AF8C7 /* SDK */,
				0F2DBBCA243CF1DE0017A37C /* Docs */,
				1C748C291C21952C0024EED2 /* SidecarEnablerPro */,
				1C748C281C21952C0024EED2 /* Products */,
				ACD4B7FF28DBFCD7005F2A9F /* Frameworks */,
			);
			sourceTree = "<group>";
		};
		1C748C281C21952C0024EED2 /* Products */ = {
			isa = PBXGroup;
			children = (
				1C748C271C21952C0024EED2 /* SidecarEnablerPro.kext */,
			);
			name = Products;
			sourceTree = "<group>";
		};
		1C748C291C21952C0024EED2 /* SidecarEnablerPro */ = {
			isa = PBXGroup;
			children = (
				0F848D9823FC6A7E00FEC38C /* kern_sep.cpp */,
				0FB70CFB2145D1E8005BD386 /* Info.plist */,
			);
			path = SidecarEnablerPro;
			sourceTree = "<group>";
		};
		ACACC03F29646D38009AF8C7 /* SDK */ = {
			isa = PBXGroup;
			children = (
				ACACC04029646D42009AF8C7 /* Headers */,
				ACACC06329646D42009AF8C7 /* Library */,
			);
			path = SDK;
			sourceTree = "<group>";
		};
		ACACC04029646D42009AF8C7 /* Headers */ = {
			isa = PBXGroup;
			children = (
				ACACC04129646D42009AF8C7 /* kern_config.hpp */,
				ACACC04229646D42009AF8C7 /* hde64.h */,
				ACACC04329646D42009AF8C7 /* kern_time.hpp */,
				ACACC04429646D42009AF8C7 /* kern_nvram.hpp */,
				ACACC04529646D42009AF8C7 /* kern_cpu.hpp */,
				ACACC04629646D42009AF8C7 /* kern_devinfo.hpp */,
				ACACC04729646D42009AF8C7 /* kern_efi.hpp */,
				ACACC04829646D42009AF8C7 /* kern_policy.hpp */,
				ACACC04929646D42009AF8C7 /* kern_user.hpp */,
				ACACC04A29646D42009AF8C7 /* plugin_start.hpp */,
				ACACC04B29646D42009AF8C7 /* kern_iokit.hpp */,
				ACACC04C29646D42009AF8C7 /* kern_crypto.hpp */,
				ACACC04D29646D42009AF8C7 /* kern_mach.hpp */,
				ACACC04E29646D42009AF8C7 /* kern_version.hpp */,
				ACACC04F29646D42009AF8C7 /* kern_compression.hpp */,
				ACACC05029646D42009AF8C7 /* kern_file.hpp */,
				ACACC05129646D42009AF8C7 /* kern_rtc.hpp */,
				ACACC05229646D42009AF8C7 /* kern_disasm.hpp */,
				ACACC05329646D42009AF8C7 /* capstone */,
				ACACC05E29646D42009AF8C7 /* kern_patcher.hpp */,
				ACACC05F29646D42009AF8C7 /* hde32.h */,
				ACACC06029646D42009AF8C7 /* kern_compat.hpp */,
				ACACC06129646D42009AF8C7 /* kern_api.hpp */,
				ACACC06229646D42009AF8C7 /* kern_util.hpp */,
			);
			name = Headers;
			path = Lilu.kext/Contents/Resources/Headers;
			sourceTree = SOURCE_ROOT;
		};
		ACACC05329646D42009AF8C7 /* capstone */ = {
			isa = PBXGroup;
			children = (
				ACACC05429646D42009AF8C7 /* capstone.h */,
				ACACC05529646D42009AF8C7 /* mips.h */,
				ACACC05629646D42009AF8C7 /* sparc.h */,
				ACACC05729646D42009AF8C7 /* systemz.h */,
				ACACC05829646D42009AF8C7 /* arm.h */,
				ACACC05929646D42009AF8C7 /* x86.h */,
				ACACC05A29646D42009AF8C7 /* ppc.h */,
				ACACC05B29646D42009AF8C7 /* arm64.h */,
				ACACC05C29646D42009AF8C7 /* xcore.h */,
				ACACC05D29646D42009AF8C7 /* platform.h */,
			);
			path = capstone;
			sourceTree = "<group>";
		};
		ACACC06329646D42009AF8C7 /* Library */ = {
			isa = PBXGroup;
			children = (
				ACACC06429646D42009AF8C7 /* wrappers */,
				ACACC06929646D42009AF8C7 /* plugin_start.cpp */,
			);
			name = Library;
			path = Lilu.kext/Contents/Resources/Library;
			sourceTree = SOURCE_ROOT;
		};
		ACACC06429646D42009AF8C7 /* wrappers */ = {
			isa = PBXGroup;
			children = (
				ACACC06529646D42009AF8C7 /* entry64.S */,
				ACACC06629646D42009AF8C7 /* build.tool */,
				ACACC06729646D42009AF8C7 /* entry32.S */,
				ACACC06829646D42009AF8C7 /* wrappers.inc */,
			);
			path = wrappers;
			sourceTree = "<group>";
		};
		ACD4B7FF28DBFCD7005F2A9F /* Frameworks */ = {
			isa = PBXGroup;
			children = (
				AC0E9203296466A900E18976 /* libkmod.a */,
			);
			name = Frameworks;
			sourceTree = "<group>";
		};
/* End PBXGroup section */

/* Begin PBXHeadersBuildPhase section */
		1C748C241C21952C0024EED2 /* Headers */ = {
			isa = PBXHeadersBuildPhase;
			buildActionMask = 2147483647;
			files = (
				ACACC08129646D42009AF8C7 /* x86.h in Headers */,
				ACACC07729646D42009AF8C7 /* kern_version.hpp in Headers */,
				ACACC08429646D42009AF8C7 /* xcore.h in Headers */,
				ACACC06B29646D42009AF8C7 /* hde64.h in Headers */,
				ACACC07629646D42009AF8C7 /* kern_mach.hpp in Headers */,
				ACACC08029646D42009AF8C7 /* arm.h in Headers */,
				ACACC08A29646D42009AF8C7 /* kern_util.hpp in Headers */,
				ACACC07329646D42009AF8C7 /* plugin_start.hpp in Headers */,
				ACACC07529646D42009AF8C7 /* kern_crypto.hpp in Headers */,
				ACACC06E29646D42009AF8C7 /* kern_cpu.hpp in Headers */,
				ACACC07429646D42009AF8C7 /* kern_iokit.hpp in Headers */,
				ACACC06C29646D42009AF8C7 /* kern_time.hpp in Headers */,
				ACACC07229646D42009AF8C7 /* kern_user.hpp in Headers */,
				ACACC07B29646D42009AF8C7 /* kern_disasm.hpp in Headers */,
				ACACC06A29646D42009AF8C7 /* kern_config.hpp in Headers */,
				ACACC08629646D42009AF8C7 /* kern_patcher.hpp in Headers */,
				ACACC07129646D42009AF8C7 /* kern_policy.hpp in Headers */,
				ACACC07829646D42009AF8C7 /* kern_compression.hpp in Headers */,
				ACACC07C29646D42009AF8C7 /* capstone.h in Headers */,
				ACACC07929646D42009AF8C7 /* kern_file.hpp in Headers */,
				ACACC08729646D42009AF8C7 /* hde32.h in Headers */,
				ACACC07E29646D42009AF8C7 /* sparc.h in Headers */,
				ACACC07029646D42009AF8C7 /* kern_efi.hpp in Headers */,
				ACACC08229646D42009AF8C7 /* ppc.h in Headers */,
				ACACC08829646D42009AF8C7 /* kern_compat.hpp in Headers */,
				ACACC08329646D42009AF8C7 /* arm64.h in Headers */,
				ACACC06D29646D42009AF8C7 /* kern_nvram.hpp in Headers */,
				ACACC07F29646D42009AF8C7 /* systemz.h in Headers */,
				ACACC07D29646D42009AF8C7 /* mips.h in Headers */,
				ACACC07A29646D42009AF8C7 /* kern_rtc.hpp in Headers */,
				ACACC06F29646D42009AF8C7 /* kern_devinfo.hpp in Headers */,
				ACACC08929646D42009AF8C7 /* kern_api.hpp in Headers */,
				ACACC08529646D42009AF8C7 /* platform.h in Headers */,
			);
			runOnlyForDeploymentPostprocessing = 0;
		};
/* End PBXHeadersBuildPhase section */

/* Begin PBXNativeTarget section */
		1C748C261C21952C0024EED2 /* SidecarEnablerPro */ = {
			isa = PBXNativeTarget;
			buildConfigurationList = 1C748C311C21952C0024EED2 /* Build configuration list for PBXNativeTarget "SidecarEnablerPro" */;
			buildPhases = (
				1C748C221C21952C0024EED2 /* Sources */,
				1C748C231C21952C0024EED2 /* Frameworks */,
				1C748C241C21952C0024EED2 /* Headers */,
				1C748C251C21952C0024EED2 /* Resources */,
				1C642F521C8F157A006B4C51 /* CopyFiles */,
				CEF0765B204C5BAD00AC511E /* Archive */,
			);
			buildRules = (
			);
			dependencies = (
			);
			name = SidecarEnablerPro;
			productName = NightShiftEnabler;
			productReference = 1C748C271C21952C0024EED2 /* SidecarEnablerPro.kext */;
			productType = "com.apple.product-type.kernel-extension";
		};
/* End PBXNativeTarget section */

/* Begin PBXProject section */
		1C748C1E1C21952C0024EED2 /* Project object */ = {
			isa = PBXProject;
			attributes = {
				LastUpgradeCheck = 1020;
				ORGANIZATIONNAME = "";
				TargetAttributes = {
					1C748C261C21952C0024EED2 = {
						CreatedOnToolsVersion = 7.2;
					};
				};
			};
			buildConfigurationList = 1C748C211C21952C0024EED2 /* Build configuration list for PBXProject "SidecarEnablerPro" */;
			compatibilityVersion = "Xcode 9.3";
			developmentRegion = en;
			hasScannedForEncodings = 0;
			knownRegions = (
				en,
				Base,
			);
			mainGroup = 1C748C1D1C21952C0024EED2;
			productRefGroup = 1C748C281C21952C0024EED2 /* Products */;
			projectDirPath = "";
			projectRoot = "";
			targets = (
				1C748C261C21952C0024EED2 /* SidecarEnablerPro */,
			);
		};
/* End PBXProject section */

/* Begin PBXResourcesBuildPhase section */
		1C748C251C21952C0024EED2 /* Resources */ = {
			isa = PBXResourcesBuildPhase;
			buildActionMask = 2147483647;
			files = (
				0F2DBBC8243CEFA00017A37C /* LICENSE.txt in Resources */,
			);
			runOnlyForDeploymentPostprocessing = 0;
		};
/* End PBXResourcesBuildPhase section */

/* Begin PBXShellScriptBuildPhase section */
		CEF0765B204C5BAD00AC511E /* Archive */ = {
			isa = PBXShellScriptBuildPhase;
			buildActionMask = 2147483647;
			files = (
			);
			inputPaths = (
			);
			name = Archive;
			outputPaths = (
			);
			runOnlyForDeploymentPostprocessing = 0;
			shellPath = /bin/bash;
			shellScript = "cd \"${TARGET_BUILD_DIR}\"\n\ndist=(\"$FULL_PRODUCT_NAME\")\nif [ -d \"$DWARF_DSYM_FILE_NAME\" ]; then dist+=(\"$DWARF_DSYM_FILE_NAME\"); fi\n\narchive=\"${PRODUCT_NAME}-${MODULE_VERSION}-$(echo $CONFIGURATION | tr /a-z/ /A-Z/).zip\"\nrm -rf *.zip\nif [ \"$CONFIGURATION\" == \"Release\" ]; then\n  strip -x -T \"${EXECUTABLE_PATH}\" &>/dev/null || strip -x \"${EXECUTABLE_PATH}\"\nfi\nzip -qry \"${archive}\" \"${dist[@]}\"\n";
		};
/* End PBXShellScriptBuildPhase section */

/* Begin PBXSourcesBuildPhase section */
		1C748C221C21952C0024EED2 /* Sources */ = {
			isa = PBXSourcesBuildPhase;
			buildActionMask = 2147483647;
			files = (
				ACACC08F29646D42009AF8C7 /* plugin_start.cpp in Sources */,
				0F848D9A23FC6A7E00FEC38C /* kern_sep.cpp in Sources */,
			);
			runOnlyForDeploymentPostprocessing = 0;
		};
/* End PBXSourcesBuildPhase section */

/* Begin XCBuildConfiguration section */
		1C748C2F1C21952C0024EED2 /* Debug */ = {
			isa = XCBuildConfiguration;
			buildSettings = {
				ALWAYS_SEARCH_USER_PATHS = NO;
				CLANG_ANALYZER_LOCALIZABILITY_NONLOCALIZED = YES;
				CLANG_CXX_LANGUAGE_STANDARD = "c++1y";
				CLANG_CXX_LIBRARY = "libc++";
				CLANG_WARN_BLOCK_CAPTURE_AUTORELEASING = YES;
				CLANG_WARN_BOOL_CONVERSION = YES;
				CLANG_WARN_COMMA = YES;
				CLANG_WARN_CONSTANT_CONVERSION = YES;
				CLANG_WARN_DEPRECATED_OBJC_IMPLEMENTATIONS = YES;
				CLANG_WARN_DIRECT_OBJC_ISA_USAGE = YES_ERROR;
				CLANG_WARN_EMPTY_BODY = YES;
				CLANG_WARN_ENUM_CONVERSION = YES;
				CLANG_WARN_INFINITE_RECURSION = YES;
				CLANG_WARN_INT_CONVERSION = YES;
				CLANG_WARN_NON_LITERAL_NULL_CONVERSION = YES;
				CLANG_WARN_OBJC_IMPLICIT_RETAIN_SELF = YES;
				CLANG_WARN_OBJC_LITERAL_CONVERSION = YES;
				CLANG_WARN_OBJC_ROOT_CLASS = YES_ERROR;
				CLANG_WARN_RANGE_LOOP_ANALYSIS = YES;
				CLANG_WARN_STRICT_PROTOTYPES = YES;
				CLANG_WARN_SUSPICIOUS_MOVE = YES;
				CLANG_WARN_UNREACHABLE_CODE = YES;
				CLANG_WARN__DUPLICATE_METHOD_MATCH = YES;
				DEBUG_INFORMATION_FORMAT = dwarf;
				ENABLE_STRICT_OBJC_MSGSEND = YES;
				ENABLE_TESTABILITY = YES;
				GCC_C_LANGUAGE_STANDARD = c11;
				GCC_NO_COMMON_BLOCKS = YES;
				GCC_OPTIMIZATION_LEVEL = 0;
				GCC_PREPROCESSOR_DEFINITIONS = (
					"DEBUG=1",
					"$(inherited)",
				);
				GCC_SYMBOLS_PRIVATE_EXTERN = YES;
				GCC_WARN_64_TO_32_BIT_CONVERSION = YES;
				GCC_WARN_ABOUT_RETURN_TYPE = YES_ERROR;
				GCC_WARN_UNDECLARED_SELECTOR = YES;
				GCC_WARN_UNINITIALIZED_AUTOS = YES_AGGRESSIVE;
				GCC_WARN_UNUSED_FUNCTION = YES;
				GCC_WARN_UNUSED_VARIABLE = YES;
				ONLY_ACTIVE_ARCH = YES;
				SDKROOT = macosx;
			};
			name = Debug;
		};
		1C748C301C21952C0024EED2 /* Release */ = {
			isa = XCBuildConfiguration;
			buildSettings = {
				ALWAYS_SEARCH_USER_PATHS = NO;
				CLANG_ANALYZER_LOCALIZABILITY_NONLOCALIZED = YES;
				CLANG_CXX_LANGUAGE_STANDARD = "c++1y";
				CLANG_CXX_LIBRARY = "libc++";
				CLANG_WARN_BLOCK_CAPTURE_AUTORELEASING = YES;
				CLANG_WARN_BOOL_CONVERSION = YES;
				CLANG_WARN_COMMA = YES;
				CLANG_WARN_CONSTANT_CONVERSION = YES;
				CLANG_WARN_DEPRECATED_OBJC_IMPLEMENTATIONS = YES;
				CLANG_WARN_DIRECT_OBJC_ISA_USAGE = YES_ERROR;
				CLANG_WARN_EMPTY_BODY = YES;
				CLANG_WARN_ENUM_CONVERSION = YES;
				CLANG_WARN_INFINITE_RECURSION = YES;
				CLANG_WARN_INT_CONVERSION = YES;
				CLANG_WARN_NON_LITERAL_NULL_CONVERSION = YES;
				CLANG_WARN_OBJC_IMPLICIT_RETAIN_SELF = YES;
				CLANG_WARN_OBJC_LITERAL_CONVERSION = YES;
				CLANG_WARN_OBJC_ROOT_CLASS = YES_ERROR;
				CLANG_WARN_RANGE_LOOP_ANALYSIS = YES;
				CLANG_WARN_STRICT_PROTOTYPES = YES;
				CLANG_WARN_SUSPICIOUS_MOVE = YES;
				CLANG_WARN_UNREACHABLE_CODE = YES;
				CLANG_WARN__DUPLICATE_METHOD_MATCH = YES;
				DEBUG_INFORMATION_FORMAT = "dwarf-with-dsym";
				ENABLE_STRICT_OBJC_MSGSEND = YES;
				GCC_C_LANGUAGE_STANDARD = c11;
				GCC_NO_COMMON_BLOCKS = YES;
				GCC_OPTIMIZATION_LEVEL = 3;
				GCC_SYMBOLS_PRIVATE_EXTERN = YES;
				GCC_UNROLL_LOOPS = YES;
				GCC_WARN_64_TO_32_BIT_CONVERSION = YES;
				GCC_WARN_ABOUT_RETURN_TYPE = YES_ERROR;
				GCC_WARN_UNDECLARED_SELECTOR = YES;
				GCC_WARN_UNINITIALIZED_AUTOS = YES_AGGRESSIVE;
				GCC_WARN_UNUSED_FUNCTION = YES;
				GCC_WARN_UNUSED_VARIABLE = YES;
				SDKROOT = macosx;
			};
			name = Release;
		};
		1C748C321C21952C0024EED2 /* Debug */ = {
			isa = XCBuildConfiguration;
			buildSettings = {
				ARCHS = x86_64;
				CLANG_ENABLE_OBJC_WEAK = YES;
				CODE_SIGN_IDENTITY = "";
				CODE_SIGN_STYLE = Manual;
				COPY_PHASE_STRIP = NO;
				CURRENT_PROJECT_VERSION = 1.0.0;
				DEPLOYMENT_POSTPROCESSING = YES;
				DEVELOPMENT_TEAM = "";
				GCC_ENABLE_FLOATING_POINT_LIBRARY_CALLS = NO;
				GCC_ENABLE_KERNEL_DEVELOPMENT = NO;
				GCC_GENERATE_DEBUGGING_SYMBOLS = NO;
				GCC_PREPROCESSOR_DEFINITIONS = (
					"MODULE_VERSION=$(MODULE_VERSION)",
					"PRODUCT_NAME=$(PRODUCT_NAME)",
					"$(inherited)",
				);
				HEADER_SEARCH_PATHS = (
					"${PROJECT_DIR}/MacKernelSDK/",
					"${PROJECT_DIR}/Lilu.kext/Contents/Resources",
				);
				INFOPLIST_FILE = "$(SRCROOT)/SidecarEnablerPro/Info.plist";
				KERNEL_EXTENSION_HEADER_SEARCH_PATHS = "$(PROJECT_DIR)/MacKernelSDK/Headers";
				KERNEL_FRAMEWORK_HEADERS = "$(PROJECT_DIR)/MacKernelSDK/Headers";
				LIBRARY_SEARCH_PATHS = (
					"$(inherited)",
					"$(PROJECT_DIR)/MacKernelSDK/Library/x86_64",
					"$(PROJECT_DIR)/MacKernelSDK\\ copy/Library/universal",
					"$(PROJECT_DIR)/MacKernelSDK\\ copy/Library/universal",
					"$(PROJECT_DIR)/MacKernelSDK\\ copy/Library/x86_64",
				);
				MACOSX_DEPLOYMENT_TARGET = 10.13;
				MARKETING_VERSION = 2.0.0;
				MODULE_NAME = com.sxx.SidecarEnablerPro;
				MODULE_START = "$(PRODUCT_NAME)_kern_start";
				MODULE_STOP = "$(PRODUCT_NAME)_kern_stop";
				MODULE_VERSION = 1.0.0;
				NEW_SETTING = "";
				OTHER_CFLAGS = (
					"-mmmx",
					"-msse",
					"-msse2",
					"-msse3",
					"-mfpmath=sse",
					"-mssse3",
					"-ftree-vectorize",
					"-fno-non-call-exceptions",
					"-fno-builtin",
					"-fno-asynchronous-unwind-tables",
				);
				OTHER_LDFLAGS = "-static";
				PRODUCT_BUNDLE_IDENTIFIER = com.sxx.SidecarEnablerPro;
				PRODUCT_NAME = "$(TARGET_NAME)";
				PROVISIONING_PROFILE_SPECIFIER = "";
				SDKROOT = macosx;
				WRAPPER_EXTENSION = kext;
			};
			name = Debug;
		};
		1C748C331C21952C0024EED2 /* Release */ = {
			isa = XCBuildConfiguration;
			buildSettings = {
				ARCHS = x86_64;
				CLANG_ENABLE_OBJC_WEAK = YES;
				CODE_SIGN_IDENTITY = "";
				CODE_SIGN_STYLE = Manual;
				CURRENT_PROJECT_VERSION = 1.0.0;
				DEAD_CODE_STRIPPING = YES;
				DEPLOYMENT_POSTPROCESSING = YES;
				DEVELOPMENT_TEAM = "";
				GCC_ENABLE_FLOATING_POINT_LIBRARY_CALLS = NO;
				GCC_ENABLE_KERNEL_DEVELOPMENT = NO;
				GCC_GENERATE_DEBUGGING_SYMBOLS = YES;
				GCC_PREPROCESSOR_DEFINITIONS = (
					"MODULE_VERSION=$(MODULE_VERSION)",
					"PRODUCT_NAME=$(PRODUCT_NAME)",
				);
				HEADER_SEARCH_PATHS = (
					"${PROJECT_DIR}/MacKernelSDK/",
					"${PROJECT_DIR}/Lilu.kext/Contents/Resources",
				);
				INFOPLIST_FILE = "$(SRCROOT)/SidecarEnablerPro/Info.plist";
				KERNEL_EXTENSION_HEADER_SEARCH_PATHS = "$(PROJECT_DIR)/MacKernelSDK/Headers";
				KERNEL_FRAMEWORK_HEADERS = "$(PROJECT_DIR)/MacKernelSDK/Headers";
				LIBRARY_SEARCH_PATHS = (
					"$(inherited)",
					"$(PROJECT_DIR)/MacKernelSDK/Library/x86_64",
					"$(PROJECT_DIR)/MacKernelSDK\\ copy/Library/universal",
					"$(PROJECT_DIR)/MacKernelSDK\\ copy/Library/universal",
					"$(PROJECT_DIR)/MacKernelSDK\\ copy/Library/x86_64",
				);
				LLVM_LTO = YES;
				MACOSX_DEPLOYMENT_TARGET = 10.13;
				MARKETING_VERSION = 2.0.0;
				MODULE_NAME = com.sxx.SidecarEnablerPro;
				MODULE_START = "$(PRODUCT_NAME)_kern_start";
				MODULE_STOP = "$(PRODUCT_NAME)_kern_stop";
				MODULE_VERSION = 1.0.0;
				NEW_SETTING = "";
				OTHER_CFLAGS = (
					"-mmmx",
					"-msse",
					"-msse2",
					"-msse3",
					"-mfpmath=sse",
					"-mssse3",
					"-ftree-vectorize",
					"-fno-non-call-exceptions",
					"-fno-builtin",
					"-fno-asynchronous-unwind-tables",
				);
				OTHER_LDFLAGS = "-static";
				PRODUCT_BUNDLE_IDENTIFIER = com.sxx.SidecarEnablerPro;
				PRODUCT_NAME = "$(TARGET_NAME)";
				PROVISIONING_PROFILE_SPECIFIER = "";
				SDKROOT = macosx;
				STRIP_STYLE = "non-global";
				WRAPPER_EXTENSION = kext;
			};
			name = Release;
		};
/* End XCBuildConfiguration section */

/* Begin XCConfigurationList section */
		1C748C211C21952C0024EED2 /* Build configuration list for PBXProject "SidecarEnablerPro" */ = {
			isa = XCConfigurationList;
			buildConfigurations = (
				1C748C2F1C21952C0024EED2 /* Debug */,
				1C748C301C21952C0024EED2 /* Release */,
			);
			defaultConfigurationIsVisible = 0;
			defaultConfigurationName = Release;
		};
		1C748C311C21952C0024EED2 /* Build configuration list for PBXNativeTarget "SidecarEnablerPro" */ = {
			isa = XCConfigurationList;
			buildConfigurations = (
				1C748C321C21952C0024EED2 /* Debug */,
				1C748C331C21952C0024EED2 /* Release */,
			);
			defaultConfigurationIsVisible = 0;
			defaultConfigurationName = Release;
		};
/* End XCConfigurationList section */
	};
	rootObject = 1C748C1E1C21952C0024EED2 /* Project object */;
}
